
Microsoft Visual Studio Solution File, Format Version 12.00
# Visual Studio Version 17
VisualStudioVersion = 17.0.32112.339
MinimumVisualStudioVersion = 10.0.40219.1
Project("{9A19103F-16F7-4668-BE54-9A1E7A4F7556}") = "DetectorUI", "DriverUI\DetectorUI.csproj", "{FCF1AEAB-F9B1-47E0-80D6-C4CD30AA15BD}"
EndProject
Global
	GlobalSection(SolutionConfigurationPlatforms) = preSolution
		Debug|Any CPU = Debug|Any CPU
		Release|Any CPU = Release|Any CPU
	EndGlobalSection
	GlobalSection(ProjectConfigurationPlatforms) = postSolution
		{FCF1AEAB-F9B1-47E0-80D6-C4CD30AA15BD}.Debug|Any CPU.ActiveCfg = Debug|Any CPU
		{FCF1AEAB-F9B1-47E0-80D6-C4CD30AA15BD}.Debug|Any CPU.Build.0 = Debug|Any CPU
		{FCF1AEAB-F9B1-47E0-80D6-C4CD30AA15BD}.Release|Any CPU.ActiveCfg = Release|Any CPU
		{FCF1AEAB-F9B1-47E0-80D6-C4CD30AA15BD}.Release|Any CPU.Build.0 = Release|Any CPU
	EndGlobalSection
	GlobalSection(SolutionProperties) = preSolution
		HideSolutionNode = FALSE
	EndGlobalSection
	GlobalSection(ExtensibilityGlobals) = postSolution
		SolutionGuid = {C48804CB-E659-43E7-8868-1A7036F5376A}
	EndGlobalSection
EndGlobal
